
Microsoft Visual Studio Solution File, Format Version 12.00
# Visual Studio Version 17
VisualStudioVersion = 17.14.36804.6 d17.14
MinimumVisualStudioVersion = 10.0.40219.1
Project("{8BC9CEB8-8B4A-11D0-8D11-00A0C91BC942}") = "26.01.21_ACK", "26.01.21_ACK.vcxproj", "{720A52E2-7732-49DD-B9EB-51B8CA97318B}"
EndProject
Global
	GlobalSection(SolutionConfigurationPlatforms) = preSolution
		Debug|x64 = Debug|x64
		Debug|x86 = Debug|x86
		Release|x64 = Release|x64
		Release|x86 = Release|x86
	EndGlobalSection
	GlobalSection(ProjectConfigurationPlatforms) = postSolution
		{720A52E2-7732-49DD-B9EB-51B8CA97318B}.Debug|x64.ActiveCfg = Debug|x64
		{720A52E2-7732-49DD-B9EB-51B8CA97318B}.Debug|x64.Build.0 = Debug|x64
		{720A52E2-7732-49DD-B9EB-51B8CA97318B}.Debug|x86.ActiveCfg = Debug|Win32
		{720A52E2-7732-49DD-B9EB-51B8CA97318B}.Debug|x86.Build.0 = Debug|Win32
		{720A52E2-7732-49DD-B9EB-51B8CA97318B}.Release|x64.ActiveCfg = Release|x64
		{720A52E2-7732-49DD-B9EB-51B8CA97318B}.Release|x64.Build.0 = Release|x64
		{720A52E2-7732-49DD-B9EB-51B8CA97318B}.Release|x86.ActiveCfg = Release|Win32
		{720A52E2-7732-49DD-B9EB-51B8CA97318B}.Release|x86.Build.0 = Release|Win32
	EndGlobalSection
	GlobalSection(SolutionProperties) = preSolution
		HideSolutionNode = FALSE
	EndGlobalSection
	GlobalSection(ExtensibilityGlobals) = postSolution
		SolutionGuid = {573128BD-EE96-4104-9315-728E2F8B08EE}
	EndGlobalSection
EndGlobal
